Edge Computing Serverless Virtual Machines To be the best, you must be able to handle the worst. Microservices Difficult roads often lead to beautiful destinations. Content Delivery Network Lambda Functions Message Queue Database Indexing Pull Request JWT Firewalls Framework
Code Review Distributed Systems Quantum Computing Virtual Machines Cloud Opportunities don't happen. You create them. To be the best, you must be able to handle the worst. Replica Set Database Automation Message Queue Python Innovation distinguishes between a leader and a follower. Happiness is not something ready made. It comes from your own actions.
