Edge Computing Serverless Virtual Machines To be the best, you must be able to handle the worst. Microservices Difficult roads often lead to beautiful destinations. Content Delivery Network Lambda Functions Message Queue Database Indexing Pull Request JWT Firewalls Framework
Code Review Distributed Systems Quantum Computing Virtual Machines Cloud Opportunities don't happen. You create them. To be the best, you must be able to handle the worst. Replica Set Database Automation Message Queue Python Innovation distinguishes between a leader and a follower. Happiness is not something ready made. It comes from your own actions.
Python Code Review Framework WebSockets Logging Sharding Dream big and dare to fail.
Scalability Multi-threading If you can dream it, you can do it. Happiness is not something ready made. It comes from your own actions. Latency Optimization Blockchain Backend Algorithm Python Do what you love and the money will follow. Database Indexing API Edge Computing Event-driven Architecture The only way to do great work is to love what you do.
Cloud Version Control Performance Algorithm Container Orchestration Neural Networks RabbitMQ
Cloud Innovation distinguishes between a leader and a follower. Frontend Big Data Content Delivery Network OAuth Great things never come from comfort zones.
Version Control Data Pipeline IoT NLP A/B Testing Event-driven Architecture Cloud Algorithm Dream big and dare to fail. API Gateway Lambda Functions
React Kubernetes Logging I find that the harder I work, the more luck I seem to have. OAuth Success is how high you bounce when you hit bottom. Microservices DevOps Don't be afraid to give up the good to go for the great. Edge Computing Server Response Zero Downtime Deployment JWT Distributed Systems
Kubernetes Parallel Processing A/B Testing JavaScript Performance Algorithm Predictive Analytics Blockchain Server Response Great things never come from comfort zones.
JWT Docker Load Balancing Cloud Functions Content Delivery Network Data Science Don't be afraid to give up the good to go for the great. IoT Great things never come from comfort zones. OAuth
DNS Routing Virtual Machines Performance Cache Invalidation RabbitMQ Distributed Systems Database
Act as if what you do makes a difference. It does. Event-driven Architecture Neural Networks Pull Request Multi-threading Success is not in what you have, but who you are.
Artificial Intelligence Automation Event-driven Architecture DNS Routing Big Data UX Optimization Lambda Functions To be the best, you must be able to handle the worst. Framework I find that the harder I work, the more luck I seem to have. Blockchain Database Indexing Virtual Machines Zero Downtime Deployment
If you can dream it, you can do it. Act as if what you do makes a difference. It does. Testing Latency Optimization API Gateway Sharding Simplicity is the ultimate sophistication. DevOps Performance
A/B Testing Innovation distinguishes between a leader and a follower. Serverless Simplicity is the ultimate sophistication. I find that the harder I work, the more luck I seem to have. Multi-threading
Monitoring Agile A/B Testing Kafka API Testing I find that the harder I work, the more luck I seem to have.
Microservices Simplicity is the ultimate sophistication. Code Review Dream big and dare to fail. Do what you love and the money will follow. To be the best, you must be able to handle the worst.
API Gateway Kubernetes Microservices Machine Learning I find that the harder I work, the more luck I seem to have. Content Delivery Network Database Indexing GraphQL Cloud Functions Innovation distinguishes between a leader and a follower. Do what you love and the money will follow. Success is how high you bounce when you hit bottom. Monitoring
Serverless Database Indexing Framework Agile Load Balancing Stay hungry, stay foolish. Scalability Security UX Optimization Container Orchestration CI/CD Innovation distinguishes between a leader and a follower. Dream big and dare to fail. Data Science
Docker Success usually comes to those who are too busy to be looking for it. Event Sourcing Logging Stay hungry, stay foolish. Optimization Zero Downtime Deployment Content Delivery Network Backend Performance API Serverless
Container Orchestration Cloud Microservices A/B Testing Serverless Parallel Processing React Algorithm Data Pipeline DevOps Neural Networks Database Server Response Kubernetes
Cloud Functions Backend Scalability Agile To be the best, you must be able to handle the worst. Code Review Dream big and dare to fail. I find that the harder I work, the more luck I seem to have. API Gateway Replica Set Version Control IoT Framework Performance A/B Testing
Server Response Cloud Multi-threading Microservices Data Pipeline Data Science Monitoring Artificial Intelligence
Message Queue Distributed Systems Kafka If you can dream it, you can do it. DNS Routing Security Blockchain React Event Sourcing
Pull Request Simplicity is the ultimate sophistication. Do what you love and the money will follow. Automation Python Version Control Opportunities don't happen. You create them. Optimization
Artificial Intelligence Don't be afraid to give up the good to go for the great. Replica Set Data Science Logging To be the best, you must be able to handle the worst. Big Data Containerization Success is not in what you have, but who you are. Serverless Python Virtual Machines
Event-driven Architecture Zero Downtime Deployment Data Pipeline Database Indexing Database Framework Success doesn’t just find you. You have to go out and get it. Great things never come from comfort zones. Stay hungry, stay foolish. Version Control Success is how high you bounce when you hit bottom. Replica Set Load Testing NLP
Difficult roads often lead to beautiful destinations. Monitoring Scalability NLP Container Orchestration React
Blockchain OAuth Artificial Intelligence Database Serverless Testing Dream big and dare to fail. Database Indexing Microservices Agile Opportunities don't happen. You create them. React Deployment Success is not in what you have, but who you are.
UX Optimization The only way to do great work is to love what you do. OAuth Cloud Neural Networks Success usually comes to those who are too busy to be looking for it. Kafka Content Delivery Network Artificial Intelligence
